
Microsoft Visual Studio Solution File, Format Version 12.00
# Visual Studio Version 16
VisualStudioVersion = 16.0.29728.190
MinimumVisualStudioVersion = 10.0.40219.1
Project("{FAE04EC0-301F-11D3-BF4B-00C04F79EFBC}") = "buttonProject", "buttonProject\buttonProject.csproj", "{80D1AADC-0999-47C5-830A-808BEEFA1BC7}"
EndProject
Project("{FAE04EC0-301F-11D3-BF4B-00C04F79EFBC}") = "colorApp", "colorApp\colorApp.csproj", "{30C5D61A-20B6-4EDF-9D4D-3551C8D722D9}"
EndProject
Global
	GlobalSection(SolutionConfigurationPlatforms) = preSolution
		Debug|Any CPU = Debug|Any CPU
		Release|Any CPU = Release|Any CPU
	EndGlobalSection
	GlobalSection(ProjectConfigurationPlatforms) = postSolution
		{80D1AADC-0999-47C5-830A-808BEEFA1BC7}.Debug|Any CPU.ActiveCfg = Debug|Any CPU
		{80D1AADC-0999-47C5-830A-808BEEFA1BC7}.Debug|Any CPU.Build.0 = Debug|Any CPU
		{80D1AADC-0999-47C5-830A-808BEEFA1BC7}.Release|Any CPU.ActiveCfg = Release|Any CPU
		{80D1AADC-0999-47C5-830A-808BEEFA1BC7}.Release|Any CPU.Build.0 = Release|Any CPU
		{30C5D61A-20B6-4EDF-9D4D-3551C8D722D9}.Debug|Any CPU.ActiveCfg = Debug|Any CPU
		{30C5D61A-20B6-4EDF-9D4D-3551C8D722D9}.Debug|Any CPU.Build.0 = Debug|Any CPU
		{30C5D61A-20B6-4EDF-9D4D-3551C8D722D9}.Release|Any CPU.ActiveCfg = Release|Any CPU
		{30C5D61A-20B6-4EDF-9D4D-3551C8D722D9}.Release|Any CPU.Build.0 = Release|Any CPU
	EndGlobalSection
	GlobalSection(SolutionProperties) = preSolution
		HideSolutionNode = FALSE
	EndGlobalSection
	GlobalSection(ExtensibilityGlobals) = postSolution
		SolutionGuid = {A6EBFE57-F09B-40E5-A81B-3434617E9E50}
	EndGlobalSection
EndGlobal
